
Microsoft Visual Studio Solution File, Format Version 12.00
# Visual Studio Version 17
VisualStudioVersion = 17.5.33103.201
MinimumVisualStudioVersion = 10.0.40219.1
Project("{9A19103F-16F7-4668-BE54-9A1E7A4F7556}") = "CryptoEat2", "CryptoEat2.csproj", "{51AEC3C1-254A-4491-8DCC-DFE8011804D8}"
EndProject
Global
	GlobalSection(SolutionConfigurationPlatforms) = preSolution
		Debug|Any CPU = Debug|Any CPU
		Release|Any CPU = Release|Any CPU
	EndGlobalSection
	GlobalSection(ProjectConfigurationPlatforms) = postSolution
		{51AEC3C1-254A-4491-8DCC-DFE8011804D8}.Debug|Any CPU.ActiveCfg = Debug|Any CPU
		{51AEC3C1-254A-4491-8DCC-DFE8011804D8}.Debug|Any CPU.Build.0 = Debug|Any CPU
		{51AEC3C1-254A-4491-8DCC-DFE8011804D8}.Release|Any CPU.ActiveCfg = Release|Any CPU
		{51AEC3C1-254A-4491-8DCC-DFE8011804D8}.Release|Any CPU.Build.0 = Release|Any CPU
	EndGlobalSection
	GlobalSection(SolutionProperties) = preSolution
		HideSolutionNode = FALSE
	EndGlobalSection
	GlobalSection(ExtensibilityGlobals) = postSolution
		SolutionGuid = {1BC1B64C-CF32-4EE4-8D5F-19A6C5579DE2}
	EndGlobalSection
EndGlobal
